# THIS IS AN AUTOGENERATED FILE. DO NOT EDIT THIS FILE DIRECTLY.
# yarn lockfile v1


eslint-config-prettier@^6.15.0:
  version "6.15.0"
  resolved "https://registry.npm.taobao.org/eslint-config-prettier/download/eslint-config-prettier-6.15.0.tgz?cache=0&sync_timestamp=1603820033848&other_urls=https%3A%2F%2Fregistry.npm.taobao.org%2Feslint-config-prettier%2Fdownload%2Feslint-config-prettier-6.15.0.tgz#7f93f6cb7d45a92f1537a70ecc06366e1ac6fed9"
  integrity sha1-f5P2y31FqS8VN6cOzAY2bhrG/tk=
  dependencies:
    get-stdin "^6.0.0"

eslint-plugin-prettier@^3.2.0:
  version "3.2.0"
  resolved "https://registry.npm.taobao.org/eslint-plugin-prettier/download/eslint-plugin-prettier-3.2.0.tgz#af391b2226fa0e15c96f36c733f6e9035dbd952c"
  integrity sha1-rzkbIib6DhXJbzbHM/bpA129lSw=
  dependencies:
    prettier-linter-helpers "^1.0.0"

fast-diff@^1.1.2:
  version "1.2.0"
  resolved "https://registry.npm.taobao.org/fast-diff/download/fast-diff-1.2.0.tgz#73ee11982d86caaf7959828d519cfe927fac5f03"
  integrity sha1-c+4RmC2Gyq95WYKNUZz+kn+sXwM=

get-stdin@^6.0.0:
  version "6.0.0"
  resolved "https://registry.npm.taobao.org/get-stdin/download/get-stdin-6.0.0.tgz#9e09bf712b360ab9225e812048f71fde9c89657b"
  integrity sha1-ngm/cSs2CrkiXoEgSPcf3pyJZXs=

prettier-linter-helpers@^1.0.0:
  version "1.0.0"
  resolved "https://registry.npm.taobao.org/prettier-linter-helpers/download/prettier-linter-helpers-1.0.0.tgz#d23d41fe1375646de2d0104d3454a3008802cf7b"
  integrity sha1-0j1B/hN1ZG3i0BBNNFSjAIgCz3s=
  dependencies:
    fast-diff "^1.1.2"

prettier@^2.2.1:
  version "2.2.1"
  resolved "https://registry.npm.taobao.org/prettier/download/prettier-2.2.1.tgz?cache=0&sync_timestamp=1606523905262&other_urls=https%3A%2F%2Fregistry.npm.taobao.org%2Fprettier%2Fdownload%2Fprettier-2.2.1.tgz#795a1a78dd52f073da0cd42b21f9c91381923ff5"
  integrity sha1-eVoaeN1S8HPaDNQrIfnJE4GSP/U=
